
Microsoft Visual Studio Solution File, Format Version 12.00
# Visual Studio 15
VisualStudioVersion = 15.0.27703.2000
MinimumVisualStudioVersion = 10.0.40219.1
Project("{FAE04EC0-301F-11D3-BF4B-00C04F79EFBC}") = "ChartSurface", "ChartSurface\ChartSurface.csproj", "{BFE89747-B62C-4DA7-A090-7795DE4FD77E}"
EndProject
Project("{FAE04EC0-301F-11D3-BF4B-00C04F79EFBC}") = "DemoApp", "DemoApp\DemoApp.csproj", "{C0F0D2B0-8E83-4B1B-B906-FA386856601D}"
EndProject
Global
	GlobalSection(SolutionConfigurationPlatforms) = preSolution
		Debug|Any CPU = Debug|Any CPU
		Release|Any CPU = Release|Any CPU
	EndGlobalSection
	GlobalSection(ProjectConfigurationPlatforms) = postSolution
		{BFE89747-B62C-4DA7-A090-7795DE4FD77E}.Debug|Any CPU.ActiveCfg = Debug|Any CPU
		{BFE89747-B62C-4DA7-A090-7795DE4FD77E}.Debug|Any CPU.Build.0 = Debug|Any CPU
		{BFE89747-B62C-4DA7-A090-7795DE4FD77E}.Release|Any CPU.ActiveCfg = Release|Any CPU
		{BFE89747-B62C-4DA7-A090-7795DE4FD77E}.Release|Any CPU.Build.0 = Release|Any CPU
		{C0F0D2B0-8E83-4B1B-B906-FA386856601D}.Debug|Any CPU.ActiveCfg = Debug|Any CPU
		{C0F0D2B0-8E83-4B1B-B906-FA386856601D}.Debug|Any CPU.Build.0 = Debug|Any CPU
		{C0F0D2B0-8E83-4B1B-B906-FA386856601D}.Release|Any CPU.ActiveCfg = Release|Any CPU
		{C0F0D2B0-8E83-4B1B-B906-FA386856601D}.Release|Any CPU.Build.0 = Release|Any CPU
	EndGlobalSection
	GlobalSection(SolutionProperties) = preSolution
		HideSolutionNode = FALSE
	EndGlobalSection
	GlobalSection(ExtensibilityGlobals) = postSolution
		SolutionGuid = {3D974AD4-1FCE-440F-AADC-41B00F42368D}
	EndGlobalSection
EndGlobal
